
Microsoft Visual Studio Solution File, Format Version 12.00
# Visual Studio Version 17
VisualStudioVersion = 17.14.36408.4 d17.14
MinimumVisualStudioVersion = 10.0.40219.1
Project("{FAE04EC0-301F-11D3-BF4B-00C04F79EFBC}") = "CalculadoraSemiCientifica", "CalculadoraSemiCientifica\CalculadoraSemiCientifica.csproj", "{01216677-ECAF-4E75-894C-844FE81D19FC}"
EndProject
Global
	GlobalSection(SolutionConfigurationPlatforms) = preSolution
		Debug|Any CPU = Debug|Any CPU
		Release|Any CPU = Release|Any CPU
	EndGlobalSection
	GlobalSection(ProjectConfigurationPlatforms) = postSolution
		{01216677-ECAF-4E75-894C-844FE81D19FC}.Debug|Any CPU.ActiveCfg = Debug|Any CPU
		{01216677-ECAF-4E75-894C-844FE81D19FC}.Debug|Any CPU.Build.0 = Debug|Any CPU
		{01216677-ECAF-4E75-894C-844FE81D19FC}.Release|Any CPU.ActiveCfg = Release|Any CPU
		{01216677-ECAF-4E75-894C-844FE81D19FC}.Release|Any CPU.Build.0 = Release|Any CPU
	EndGlobalSection
	GlobalSection(SolutionProperties) = preSolution
		HideSolutionNode = FALSE
	EndGlobalSection
	GlobalSection(ExtensibilityGlobals) = postSolution
		SolutionGuid = {C6998AC4-C155-4602-852C-DE0E0D14C82F}
	EndGlobalSection
EndGlobal
